github.com/hillu/go-yara/v4 v4.3.4 h1:llJ9e0hQ1Cxyw5jH8O/a61qIBZCYCS45298MvYTf1fw=
github.com/hillu/go-yara/v4 v4.3.4/go.mod h1:/mb2HtBQf80I3JNL13tO5pt0w+3oR35EMc76OVjBYZU=
gopkg.in/check.v1 v0.0.0-20161208181325-20d25e280405/go.mod h1:Co6ibVJAznAaIkqp8huTwlJQCZ016jof/cbN4VW5Yz0=
gopkg.in/yaml.v3 v3.0.1 h1:fxVm/GzAzEWqLHuvctI91KS9hhNmmWOoWu0XTYJS7CA=
gopkg.in/yaml.v3 v3.0.1/go.mod h1:K4uyk7z7BCEPqu6E+C64Yfv1cQ7kz7rIZviUmN+EgEM=
